// !$*UTF8*$!
{
	archiveVersion = 1;
	classes = {
	};
	objectVersion = 53;
	objects = {

/* Begin PBXBuildFile section */
		3A43AB842895391300890EEF /* iOSDeviceInfoTests.m in Sources */ = {isa = PBXBuildFile; fileRef = 3A43AB832895391300890EEF /* iOSDeviceInfoTests.m */; };
		3AEE36FF2881910E00762CCD /* AppDelegate.m in Sources */ = {isa = PBXBuildFile; fileRef = 3AEE36FE2881910E00762CCD /* AppDelegate.m */; };
		3AEE370A2881910F00762CCD /* Assets.xcassets in Resources */ = {isa = PBXBuildFile; fileRef = 3AEE37092881910F00762CCD /* Assets.xcassets */; };
		3AEE370D2881910F00762CCD /* LaunchScreen.storyboard in Resources */ = {isa = PBXBuildFile; fileRef = 3AEE370B2881910F00762CCD /* LaunchScreen.storyboard */; };
		3AEE37102881910F00762CCD /* main.m in Sources */ = {isa = PBXBuildFile; fileRef = 3AEE370F2881910F00762CCD /* main.m */; };
		3AEE37192881965B00762CCD /* MainViewController.m in Sources */ = {isa = PBXBuildFile; fileRef = 3AEE37172881965B00762CCD /* MainViewController.m */; };
		3AEE371A2881965B00762CCD /* MainViewController.xib in Resources */ = {isa = PBXBuildFile; fileRef = 3AEE37182881965B00762CCD /* MainViewController.xib */; };
		3AEE371E288198C600762CCD /* ShowViewController.m in Sources */ = {isa = PBXBuildFile; fileRef = 3AEE371C288198C600762CCD /* ShowViewController.m */; };
		3AEE371F288198C600762CCD /* ShowViewController.xib in Resources */ = {isa = PBXBuildFile; fileRef = 3AEE371D288198C600762CCD /* ShowViewController.xib */; };
		3AEE37222881A08000762CCD /* DeviceUtil.m in Sources */ = {isa = PBXBuildFile; fileRef = 3AEE37212881A08000762CCD /* DeviceUtil.m */; };
/* End PBXBuildFile section */

/* Begin PBXContainerItemProxy section */
		3A43AB852895391300890EEF /* PBXContainerItemProxy */ = {
			isa = PBXContainerItemProxy;
			containerPortal = 3AEE36F22881910E00762CCD /* Project object */;
			proxyType = 1;
			remoteGlobalIDString = 3AEE36F92881910E00762CCD;
			remoteInfo = iOSDeviceInfo;
		};
/* End PBXContainerItemProxy section */

/* Begin PBXFileReference section */
		3A2F7C78299E6D2300679555 /* iOSDeviceInfo.entitlements */ = {isa = PBXFileReference; lastKnownFileType = text.plist.entitlements; path = iOSDeviceInfo.entitlements; sourceTree = "<group>"; };
		3A43AB812895391300890EEF /* iOSDeviceInfoTests.xctest */ = {isa = PBXFileReference; explicitFileType = wrapper.cfbundle; includeInIndex = 0; path = iOSDeviceInfoTests.xctest; sourceTree = BUILT_PRODUCTS_DIR; };
		3A43AB832895391300890EEF /* iOSDeviceInfoTests.m */ = {isa = PBXFileReference; lastKnownFileType = sourcecode.c.objc; path = iOSDeviceInfoTests.m; sourceTree = "<group>"; };
		3AEE36FA2881910E00762CCD /* iOSDeviceInfo.app */ = {isa = PBXFileReference; explicitFileType = wrapper.application; includeInIndex = 0; path = iOSDeviceInfo.app; sourceTree = BUILT_PRODUCTS_DIR; };
		3AEE36FD2881910E00762CCD /* AppDelegate.h */ = {isa = PBXFileReference; lastKnownFileType = sourcecode.c.h; path = AppDelegate.h; sourceTree = "<group>"; };
		3AEE36FE2881910E00762CCD /* AppDelegate.m */ = {isa = PBXFileReference; lastKnownFileType = sourcecode.c.objc; path = AppDelegate.m; sourceTree = "<group>"; };
		3AEE37092881910F00762CCD /* Assets.xcassets */ = {isa = PBXFileReference; lastKnownFileType = folder.assetcatalog; path = Assets.xcassets; sourceTree = "<group>"; };
		3AEE370C2881910F00762CCD /* Base */ = {isa = PBXFileReference; lastKnownFileType = file.storyboard; name = Base; path = Base.lproj/LaunchScreen.storyboard; sourceTree = "<group>"; };
		3AEE370E2881910F00762CCD /* Info.plist */ = {isa = PBXFileReference; lastKnownFileType = text.plist.xml; path = Info.plist; sourceTree = "<group>"; };
		3AEE370F2881910F00762CCD /* main.m */ = {isa = PBXFileReference; lastKnownFileType = sourcecode.c.objc; path = main.m; sourceTree = "<group>"; };
		3AEE37162881965B00762CCD /* MainViewController.h */ = {isa = PBXFileReference; lastKnownFileType = sourcecode.c.h; path = MainViewController.h; sourceTree = "<group>"; };
		3AEE37172881965B00762CCD /* MainViewController.m */ = {isa = PBXFileReference; lastKnownFileType = sourcecode.c.objc; path = MainViewController.m; sourceTree = "<group>"; };
		3AEE37182881965B00762CCD /* MainViewController.xib */ = {isa = PBXFileReference; lastKnownFileType = file.xib; path = MainViewController.xib; sourceTree = "<group>"; };
		3AEE371B288198C600762CCD /* ShowViewController.h */ = {isa = PBXFileReference; lastKnownFileType = sourcecode.c.h; path = ShowViewController.h; sourceTree = "<group>"; };
		3AEE371C288198C600762CCD /* ShowViewController.m */ = {isa = PBXFileReference; lastKnownFileType = sourcecode.c.objc; path = ShowViewController.m; sourceTree = "<group>"; };
		3AEE371D288198C600762CCD /* ShowViewController.xib */ = {isa = PBXFileReference; lastKnownFileType = file.xib; path = ShowViewController.xib; sourceTree = "<group>"; };
		3AEE37202881A08000762CCD /* DeviceUtil.h */ = {isa = PBXFileReference; lastKnownFileType = sourcecode.c.h; path = DeviceUtil.h; sourceTree = "<group>"; };
		3AEE37212881A08000762CCD /* DeviceUtil.m */ = {isa = PBXFileReference; lastKnownFileType = sourcecode.c.objc; path = DeviceUtil.m; sourceTree = "<group>"; };
/* End PBXFileReference section */

/* Begin PBXFrameworksBuildPhase section */
		3A43AB7E2895391300890EEF /* Frameworks */ = {
			isa = PBXFrameworksBuildPhase;
			buildActionMask = 2147483647;
			files = (
			);
			runOnlyForDeploymentPostprocessing = 0;
		};
		3AEE36F72881910E00762CCD /* Frameworks */ = {
			isa = PBXFrameworksBuildPhase;
			buildActionMask = 2147483647;
			files = (
			);
			runOnlyForDeploymentPostprocessing = 0;
		};
/* End PBXFrameworksBuildPhase section */

/* Begin PBXGroup section */
		3A43AB822895391300890EEF /* iOSDeviceInfoTests */ = {
			isa = PBXGroup;
			children = (
				3A43AB832895391300890EEF /* iOSDeviceInfoTests.m */,
			);
			path = iOSDeviceInfoTests;
			sourceTree = "<group>";
		};
		3AEE36F12881910E00762CCD = {
			isa = PBXGroup;
			children = (
				3AEE36FC2881910E00762CCD /* iOSDeviceInfo */,
				3A43AB822895391300890EEF /* iOSDeviceInfoTests */,
				3AEE36FB2881910E00762CCD /* Products */,
			);
			sourceTree = "<group>";
		};
		3AEE36FB2881910E00762CCD /* Products */ = {
			isa = PBXGroup;
			children = (
				3AEE36FA2881910E00762CCD /* iOSDeviceInfo.app */,
				3A43AB812895391300890EEF /* iOSDeviceInfoTests.xctest */,
			);
			name = Products;
			sourceTree = "<group>";
		};
		3AEE36FC2881910E00762CCD /* iOSDeviceInfo */ = {
			isa = PBXGroup;
			children = (
				3A2F7C78299E6D2300679555 /* iOSDeviceInfo.entitlements */,
				3AEE36FD2881910E00762CCD /* AppDelegate.h */,
				3AEE36FE2881910E00762CCD /* AppDelegate.m */,
				3AEE37202881A08000762CCD /* DeviceUtil.h */,
				3AEE37212881A08000762CCD /* DeviceUtil.m */,
				3AEE37162881965B00762CCD /* MainViewController.h */,
				3AEE37172881965B00762CCD /* MainViewController.m */,
				3AEE37182881965B00762CCD /* MainViewController.xib */,
				3AEE371B288198C600762CCD /* ShowViewController.h */,
				3AEE371C288198C600762CCD /* ShowViewController.m */,
				3AEE371D288198C600762CCD /* ShowViewController.xib */,
				3AEE37092881910F00762CCD /* Assets.xcassets */,
				3AEE370B2881910F00762CCD /* LaunchScreen.storyboard */,
				3AEE370E2881910F00762CCD /* Info.plist */,
				3AEE370F2881910F00762CCD /* main.m */,
			);
			path = iOSDeviceInfo;
			sourceTree = "<group>";
		};
/* End PBXGroup section */

/* Begin PBXNativeTarget section */
		3A43AB802895391300890EEF /* iOSDeviceInfoTests */ = {
			isa = PBXNativeTarget;
			buildConfigurationList = 3A43AB872895391300890EEF /* Build configuration list for PBXNativeTarget "iOSDeviceInfoTests" */;
			buildPhases = (
				3A43AB7D2895391300890EEF /* Sources */,
				3A43AB7E2895391300890EEF /* Frameworks */,
				3A43AB7F2895391300890EEF /* Resources */,
			);
			buildRules = (
			);
			dependencies = (
				3A43AB862895391300890EEF /* PBXTargetDependency */,
			);
			name = iOSDeviceInfoTests;
			productName = iOSDeviceInfoTests;
			productReference = 3A43AB812895391300890EEF /* iOSDeviceInfoTests.xctest */;
			productType = "com.apple.product-type.bundle.unit-test";
		};
		3AEE36F92881910E00762CCD /* iOSDeviceInfo */ = {
			isa = PBXNativeTarget;
			buildConfigurationList = 3AEE37132881910F00762CCD /* Build configuration list for PBXNativeTarget "iOSDeviceInfo" */;
			buildPhases = (
				3AEE36F62881910E00762CCD /* Sources */,
				3AEE36F72881910E00762CCD /* Frameworks */,
				3AEE36F82881910E00762CCD /* Resources */,
			);
			buildRules = (
			);
			dependencies = (
			);
			name = iOSDeviceInfo;
			productName = iOSDeviceInfo;
			productReference = 3AEE36FA2881910E00762CCD /* iOSDeviceInfo.app */;
			productType = "com.apple.product-type.application";
		};
/* End PBXNativeTarget section */

/* Begin PBXProject section */
		3AEE36F22881910E00762CCD /* Project object */ = {
			isa = PBXProject;
			attributes = {
				BuildIndependentTargetsInParallel = 1;
				LastSwiftUpdateCheck = 1340;
				LastUpgradeCheck = 1340;
				TargetAttributes = {
					3A43AB802895391300890EEF = {
						CreatedOnToolsVersion = 13.4.1;
						TestTargetID = 3AEE36F92881910E00762CCD;
					};
					3AEE36F92881910E00762CCD = {
						CreatedOnToolsVersion = 13.4.1;
					};
				};
			};
			buildConfigurationList = 3AEE36F52881910E00762CCD /* Build configuration list for PBXProject "iOSDeviceInfo" */;
			compatibilityVersion = "Xcode 8.0";
			developmentRegion = en;
			hasScannedForEncodings = 0;
			knownRegions = (
				en,
				Base,
			);
			mainGroup = 3AEE36F12881910E00762CCD;
			productRefGroup = 3AEE36FB2881910E00762CCD /* Products */;
			projectDirPath = "";
			projectRoot = "";
			targets = (
				3AEE36F92881910E00762CCD /* iOSDeviceInfo */,
				3A43AB802895391300890EEF /* iOSDeviceInfoTests */,
			);
		};
/* End PBXProject section */

/* Begin PBXResourcesBuildPhase section */
		3A43AB7F2895391300890EEF /* Resources */ = {
			isa = PBXResourcesBuildPhase;
			buildActionMask = 2147483647;
			files = (
			);
			runOnlyForDeploymentPostprocessing = 0;
		};
		3AEE36F82881910E00762CCD /* Resources */ = {
			isa = PBXResourcesBuildPhase;
			buildActionMask = 2147483647;
			files = (
				3AEE370D2881910F00762CCD /* LaunchScreen.storyboard in Resources */,
				3AEE370A2881910F00762CCD /* Assets.xcassets in Resources */,
				3AEE371A2881965B00762CCD /* MainViewController.xib in Resources */,
				3AEE371F288198C600762CCD /* ShowViewController.xib in Resources */,
			);
			runOnlyForDeploymentPostprocessing = 0;
		};
/* End PBXResourcesBuildPhase section */

/* Begin PBXSourcesBuildPhase section */
		3A43AB7D2895391300890EEF /* Sources */ = {
			isa = PBXSourcesBuildPhase;
			buildActionMask = 2147483647;
			files = (
				3A43AB842895391300890EEF /* iOSDeviceInfoTests.m in Sources */,
			);
			runOnlyForDeploymentPostprocessing = 0;
		};
		3AEE36F62881910E00762CCD /* Sources */ = {
			isa = PBXSourcesBuildPhase;
			buildActionMask = 2147483647;
			files = (
				3AEE36FF2881910E00762CCD /* AppDelegate.m in Sources */,
				3AEE37222881A08000762CCD /* DeviceUtil.m in Sources */,
				3AEE37102881910F00762CCD /* main.m in Sources */,
				3AEE37192881965B00762CCD /* MainViewController.m in Sources */,
				3AEE371E288198C600762CCD /* ShowViewController.m in Sources */,
			);
			runOnlyForDeploymentPostprocessing = 0;
		};
/* End PBXSourcesBuildPhase section */

/* Begin PBXTargetDependency section */
		3A43AB862895391300890EEF /* PBXTargetDependency */ = {
			isa = PBXTargetDependency;
			target = 3AEE36F92881910E00762CCD /* iOSDeviceInfo */;
			targetProxy = 3A43AB852895391300890EEF /* PBXContainerItemProxy */;
		};
/* End PBXTargetDependency section */

/* Begin PBXVariantGroup section */
		3AEE370B2881910F00762CCD /* LaunchScreen.storyboard */ = {
			isa = PBXVariantGroup;
			children = (
				3AEE370C2881910F00762CCD /* Base */,
			);
			name = LaunchScreen.storyboard;
			sourceTree = "<group>";
		};
/* End PBXVariantGroup section */

/* Begin XCBuildConfiguration section */
		3A43AB882895391300890EEF /* Debug */ = {
			isa = XCBuildConfiguration;
			buildSettings = {
				BUNDLE_LOADER = "$(TEST_HOST)";
				CODE_SIGN_STYLE = Automatic;
				CURRENT_PROJECT_VERSION = 1;
				DEVELOPMENT_TEAM = 38D3676P2T;
				GENERATE_INFOPLIST_FILE = YES;
				IPHONEOS_DEPLOYMENT_TARGET = 15.1;
				MARKETING_VERSION = 1.0;
				PRODUCT_BUNDLE_IDENTIFIER = cn.jobs8.iOSDeviceInfoTests;
				PRODUCT_NAME = "$(TARGET_NAME)";
				SWIFT_EMIT_LOC_STRINGS = NO;
				TARGETED_DEVICE_FAMILY = "1,2";
				TEST_HOST = "$(BUILT_PRODUCTS_DIR)/iOSDeviceInfo.app/iOSDeviceInfo";
			};
			name = Debug;
		};
		3A43AB892895391300890EEF /* Release */ = {
			isa = XCBuildConfiguration;
			buildSettings = {
				BUNDLE_LOADER = "$(TEST_HOST)";
				CODE_SIGN_STYLE = Automatic;
				CURRENT_PROJECT_VERSION = 1;
				DEVELOPMENT_TEAM = 38D3676P2T;
				GENERATE_INFOPLIST_FILE = YES;
				IPHONEOS_DEPLOYMENT_TARGET = 15.1;
				MARKETING_VERSION = 1.0;
				PRODUCT_BUNDLE_IDENTIFIER = cn.jobs8.iOSDeviceInfoTests;
				PRODUCT_NAME = "$(TARGET_NAME)";
				SWIFT_EMIT_LOC_STRINGS = NO;
				TARGETED_DEVICE_FAMILY = "1,2";
				TEST_HOST = "$(BUILT_PRODUCTS_DIR)/iOSDeviceInfo.app/iOSDeviceInfo";
			};
			name = Release;
		};
		3AEE37112881910F00762CCD /* Debug */ = {
			isa = XCBuildConfiguration;
			buildSettings = {
				ALWAYS_SEARCH_USER_PATHS = NO;
				CLANG_ANALYZER_NONNULL = YES;
				CLANG_ANALYZER_NUMBER_OBJECT_CONVERSION = YES_AGGRESSIVE;
				CLANG_CXX_LANGUAGE_STANDARD = "gnu++17";
				CLANG_ENABLE_MODULES = YES;
				CLANG_ENABLE_OBJC_ARC = YES;
				CLANG_ENABLE_OBJC_WEAK = YES;
				CLANG_WARN_BLOCK_CAPTURE_AUTORELEASING = YES;
				CLANG_WARN_BOOL_CONVERSION = YES;
				CLANG_WARN_COMMA = YES;
				CLANG_WARN_CONSTANT_CONVERSION = YES;
				CLANG_WARN_DEPRECATED_OBJC_IMPLEMENTATIONS = YES;
				CLANG_WARN_DIRECT_OBJC_ISA_USAGE = YES_ERROR;
				CLANG_WARN_DOCUMENTATION_COMMENTS = YES;
				CLANG_WARN_EMPTY_BODY = YES;
				CLANG_WARN_ENUM_CONVERSION = YES;
				CLANG_WARN_INFINITE_RECURSION = YES;
				CLANG_WARN_INT_CONVERSION = YES;
				CLANG_WARN_NON_LITERAL_NULL_CONVERSION = YES;
				CLANG_WARN_OBJC_IMPLICIT_RETAIN_SELF = YES;
				CLANG_WARN_OBJC_LITERAL_CONVERSION = YES;
				CLANG_WARN_OBJC_ROOT_CLASS = YES_ERROR;
				CLANG_WARN_QUOTED_INCLUDE_IN_FRAMEWORK_HEADER = YES;
				CLANG_WARN_RANGE_LOOP_ANALYSIS = YES;
				CLANG_WARN_STRICT_PROTOTYPES = YES;
				CLANG_WARN_SUSPICIOUS_MOVE = YES;
				CLANG_WARN_UNGUARDED_AVAILABILITY = YES_AGGRESSIVE;
				CLANG_WARN_UNREACHABLE_CODE = YES;
				CLANG_WARN__DUPLICATE_METHOD_MATCH = YES;
				COPY_PHASE_STRIP = NO;
				DEBUG_INFORMATION_FORMAT = dwarf;
				ENABLE_STRICT_OBJC_MSGSEND = YES;
				ENABLE_TESTABILITY = YES;
				GCC_C_LANGUAGE_STANDARD = gnu11;
				GCC_DYNAMIC_NO_PIC = NO;
				GCC_NO_COMMON_BLOCKS = YES;
				GCC_OPTIMIZATION_LEVEL = 0;
				GCC_PREPROCESSOR_DEFINITIONS = (
					"DEBUG=1",
					"$(inherited)",
				);
				GCC_WARN_64_TO_32_BIT_CONVERSION = YES;
				GCC_WARN_ABOUT_RETURN_TYPE = YES_ERROR;
				GCC_WARN_UNDECLARED_SELECTOR = YES;
				GCC_WARN_UNINITIALIZED_AUTOS = YES_AGGRESSIVE;
				GCC_WARN_UNUSED_FUNCTION = YES;
				GCC_WARN_UNUSED_VARIABLE = YES;
				IPHONEOS_DEPLOYMENT_TARGET = 11.0;
				MTL_ENABLE_DEBUG_INFO = INCLUDE_SOURCE;
				MTL_FAST_MATH = YES;
				ONLY_ACTIVE_ARCH = YES;
				SDKROOT = iphoneos;
			};
			name = Debug;
		};
		3AEE37122881910F00762CCD /* Release */ = {
			isa = XCBuildConfiguration;
			buildSettings = {
				ALWAYS_SEARCH_USER_PATHS = NO;
				CLANG_ANALYZER_NONNULL = YES;
				CLANG_ANALYZER_NUMBER_OBJECT_CONVERSION = YES_AGGRESSIVE;
				CLANG_CXX_LANGUAGE_STANDARD = "gnu++17";
				CLANG_ENABLE_MODULES = YES;
				CLANG_ENABLE_OBJC_ARC = YES;
				CLANG_ENABLE_OBJC_WEAK = YES;
				CLANG_WARN_BLOCK_CAPTURE_AUTORELEASING = YES;
				CLANG_WARN_BOOL_CONVERSION = YES;
				CLANG_WARN_COMMA = YES;
				CLANG_WARN_CONSTANT_CONVERSION = YES;
				CLANG_WARN_DEPRECATED_OBJC_IMPLEMENTATIONS = YES;
				CLANG_WARN_DIRECT_OBJC_ISA_USAGE = YES_ERROR;
				CLANG_WARN_DOCUMENTATION_COMMENTS = YES;
				CLANG_WARN_EMPTY_BODY = YES;
				CLANG_WARN_ENUM_CONVERSION = YES;
				CLANG_WARN_INFINITE_RECURSION = YES;
				CLANG_WARN_INT_CONVERSION = YES;
				CLANG_WARN_NON_LITERAL_NULL_CONVERSION = YES;
				CLANG_WARN_OBJC_IMPLICIT_RETAIN_SELF = YES;
				CLANG_WARN_OBJC_LITERAL_CONVERSION = YES;
				CLANG_WARN_OBJC_ROOT_CLASS = YES_ERROR;
				CLANG_WARN_QUOTED_INCLUDE_IN_FRAMEWORK_HEADER = YES;
				CLANG_WARN_RANGE_LOOP_ANALYSIS = YES;
				CLANG_WARN_STRICT_PROTOTYPES = YES;
				CLANG_WARN_SUSPICIOUS_MOVE = YES;
				CLANG_WARN_UNGUARDED_AVAILABILITY = YES_AGGRESSIVE;
				CLANG_WARN_UNREACHABLE_CODE = YES;
				CLANG_WARN__DUPLICATE_METHOD_MATCH = YES;
				COPY_PHASE_STRIP = NO;
				DEBUG_INFORMATION_FORMAT = "dwarf-with-dsym";
				ENABLE_NS_ASSERTIONS = NO;
				ENABLE_STRICT_OBJC_MSGSEND = YES;
				GCC_C_LANGUAGE_STANDARD = gnu11;
				GCC_NO_COMMON_BLOCKS = YES;
				GCC_WARN_64_TO_32_BIT_CONVERSION = YES;
				GCC_WARN_ABOUT_RETURN_TYPE = YES_ERROR;
				GCC_WARN_UNDECLARED_SELECTOR = YES;
				GCC_WARN_UNINITIALIZED_AUTOS = YES_AGGRESSIVE;
				GCC_WARN_UNUSED_FUNCTION = YES;
				GCC_WARN_UNUSED_VARIABLE = YES;
				IPHONEOS_DEPLOYMENT_TARGET = 11.0;
				MTL_ENABLE_DEBUG_INFO = NO;
				MTL_FAST_MATH = YES;
				SDKROOT = iphoneos;
				VALIDATE_PRODUCT = YES;
			};
			name = Release;
		};
		3AEE37142881910F00762CCD /* Debug */ = {
			isa = XCBuildConfiguration;
			buildSettings = {
				ASSETCATALOG_COMPILER_APPICON_NAME = AppIcon;
				ASSETCATALOG_COMPILER_GLOBAL_ACCENT_COLOR_NAME = AccentColor;
				ASSETCATALOG_COMPILER_INCLUDE_ALL_APPICON_ASSETS = NO;
				CODE_SIGN_ENTITLEMENTS = iOSDeviceInfo/iOSDeviceInfo.entitlements;
				CODE_SIGN_STYLE = Automatic;
				CURRENT_PROJECT_VERSION = 1;
				DEVELOPMENT_TEAM = 5YBWG2X244;
				GENERATE_INFOPLIST_FILE = YES;
				INFOPLIST_FILE = iOSDeviceInfo/Info.plist;
				INFOPLIST_KEY_CFBundleDisplayName = "Device Info";
				INFOPLIST_KEY_NSUserTrackingUsageDescription = "We will use your iDFA!";
				INFOPLIST_KEY_UIApplicationSupportsIndirectInputEvents = YES;
				INFOPLIST_KEY_UILaunchStoryboardName = LaunchScreen;
				INFOPLIST_KEY_UISupportedInterfaceOrientations = UIInterfaceOrientationPortrait;
				INFOPLIST_KEY_UISupportedInterfaceOrientations_iPad = "UIInterfaceOrientationLandscapeLeft UIInterfaceOrientationLandscapeRight UIInterfaceOrientationPortrait UIInterfaceOrientationPortraitUpsideDown";
				LD_RUNPATH_SEARCH_PATHS = (
					"$(inherited)",
					"@executable_path/Frameworks",
				);
				MARKETING_VERSION = 1.0;
				PRODUCT_BUNDLE_IDENTIFIER = cn.jobs8.iOSDeviceInfo;
				PRODUCT_NAME = "$(TARGET_NAME)";
				SWIFT_EMIT_LOC_STRINGS = YES;
				TARGETED_DEVICE_FAMILY = 1;
			};
			name = Debug;
		};
		3AEE37152881910F00762CCD /* Release */ = {
			isa = XCBuildConfiguration;
			buildSettings = {
				ASSETCATALOG_COMPILER_APPICON_NAME = AppIcon;
				ASSETCATALOG_COMPILER_GLOBAL_ACCENT_COLOR_NAME = AccentColor;
				ASSETCATALOG_COMPILER_INCLUDE_ALL_APPICON_ASSETS = NO;
				CODE_SIGN_ENTITLEMENTS = iOSDeviceInfo/iOSDeviceInfo.entitlements;
				CODE_SIGN_STYLE = Automatic;
				CURRENT_PROJECT_VERSION = 1;
				DEVELOPMENT_TEAM = 5YBWG2X244;
				GENERATE_INFOPLIST_FILE = YES;
				INFOPLIST_FILE = iOSDeviceInfo/Info.plist;
				INFOPLIST_KEY_CFBundleDisplayName = "Device Info";
				INFOPLIST_KEY_NSUserTrackingUsageDescription = "We will use your iDFA!";
				INFOPLIST_KEY_UIApplicationSupportsIndirectInputEvents = YES;
				INFOPLIST_KEY_UILaunchStoryboardName = LaunchScreen;
				INFOPLIST_KEY_UISupportedInterfaceOrientations = UIInterfaceOrientationPortrait;
				INFOPLIST_KEY_UISupportedInterfaceOrientations_iPad = "UIInterfaceOrientationLandscapeLeft UIInterfaceOrientationLandscapeRight UIInterfaceOrientationPortrait UIInterfaceOrientationPortraitUpsideDown";
				LD_RUNPATH_SEARCH_PATHS = (
					"$(inherited)",
					"@executable_path/Frameworks",
				);
				MARKETING_VERSION = 1.0;
				PRODUCT_BUNDLE_IDENTIFIER = cn.jobs8.iOSDeviceInfo;
				PRODUCT_NAME = "$(TARGET_NAME)";
				SWIFT_EMIT_LOC_STRINGS = YES;
				TARGETED_DEVICE_FAMILY = 1;
			};
			name = Release;
		};
/* End XCBuildConfiguration section */

/* Begin XCConfigurationList section */
		3A43AB872895391300890EEF /* Build configuration list for PBXNativeTarget "iOSDeviceInfoTests" */ = {
			isa = XCConfigurationList;
			buildConfigurations = (
				3A43AB882895391300890EEF /* Debug */,
				3A43AB892895391300890EEF /* Release */,
			);
			defaultConfigurationIsVisible = 0;
			defaultConfigurationName = Release;
		};
		3AEE36F52881910E00762CCD /* Build configuration list for PBXProject "iOSDeviceInfo" */ = {
			isa = XCConfigurationList;
			buildConfigurations = (
				3AEE37112881910F00762CCD /* Debug */,
				3AEE37122881910F00762CCD /* Release */,
			);
			defaultConfigurationIsVisible = 0;
			defaultConfigurationName = Release;
		};
		3AEE37132881910F00762CCD /* Build configuration list for PBXNativeTarget "iOSDeviceInfo" */ = {
			isa = XCConfigurationList;
			buildConfigurations = (
				3AEE37142881910F00762CCD /* Debug */,
				3AEE37152881910F00762CCD /* Release */,
			);
			defaultConfigurationIsVisible = 0;
			defaultConfigurationName = Release;
		};
/* End XCConfigurationList section */
	};
	rootObject = 3AEE36F22881910E00762CCD /* Project object */;
}
